
Microsoft Visual Studio Solution File, Format Version 12.00
# Visual Studio 15
VisualStudioVersion = 15.0.27004.2002
MinimumVisualStudioVersion = 10.0.40219.1
Project("{FAE04EC0-301F-11D3-BF4B-00C04F79EFBC}") = "SalesTracker", "SalesTracker\SalesTracker.csproj", "{02C00B67-4F10-481C-BD0F-45B3B72D8E0F}"
EndProject
Global
	GlobalSection(SolutionConfigurationPlatforms) = preSolution
		Debug|Any CPU = Debug|Any CPU
		Release|Any CPU = Release|Any CPU
	EndGlobalSection
	GlobalSection(ProjectConfigurationPlatforms) = postSolution
		{02C00B67-4F10-481C-BD0F-45B3B72D8E0F}.Debug|Any CPU.ActiveCfg = Debug|Any CPU
		{02C00B67-4F10-481C-BD0F-45B3B72D8E0F}.Debug|Any CPU.Build.0 = Debug|Any CPU
		{02C00B67-4F10-481C-BD0F-45B3B72D8E0F}.Release|Any CPU.ActiveCfg = Release|Any CPU
		{02C00B67-4F10-481C-BD0F-45B3B72D8E0F}.Release|Any CPU.Build.0 = Release|Any CPU
	EndGlobalSection
	GlobalSection(SolutionProperties) = preSolution
		HideSolutionNode = FALSE
	EndGlobalSection
	GlobalSection(ExtensibilityGlobals) = postSolution
		SolutionGuid = {2352AD27-C285-4461-9D04-7D43D1529A7F}
	EndGlobalSection
EndGlobal
